
Microsoft Visual Studio Solution File, Format Version 12.00
# Visual Studio Version 17
VisualStudioVersion = 17.6.33829.357
MinimumVisualStudioVersion = 10.0.40219.1
Project("{9A19103F-16F7-4668-BE54-9A1E7A4F7556}") = "src", "src.csproj", "{CE8AC5C9-8022-4459-8A2E-3DD4FE743272}"
EndProject
Global
	GlobalSection(SolutionConfigurationPlatforms) = preSolution
		Debug|Any CPU = Debug|Any CPU
		Release|Any CPU = Release|Any CPU
	EndGlobalSection
	GlobalSection(ProjectConfigurationPlatforms) = postSolution
		{CE8AC5C9-8022-4459-8A2E-3DD4FE743272}.Debug|Any CPU.ActiveCfg = Debug|Any CPU
		{CE8AC5C9-8022-4459-8A2E-3DD4FE743272}.Debug|Any CPU.Build.0 = Debug|Any CPU
		{CE8AC5C9-8022-4459-8A2E-3DD4FE743272}.Release|Any CPU.ActiveCfg = Release|Any CPU
		{CE8AC5C9-8022-4459-8A2E-3DD4FE743272}.Release|Any CPU.Build.0 = Release|Any CPU
	EndGlobalSection
	GlobalSection(SolutionProperties) = preSolution
		HideSolutionNode = FALSE
	EndGlobalSection
	GlobalSection(ExtensibilityGlobals) = postSolution
		SolutionGuid = {08F949F3-D7A9-4C93-9E66-3047B71D095A}
	EndGlobalSection
EndGlobal
